
Microsoft Visual Studio Solution File, Format Version 12.00
# Visual Studio Version 16
VisualStudioVersion = 16.0.29123.88
MinimumVisualStudioVersion = 10.0.40219.1
Project("{FAE04EC0-301F-11D3-BF4B-00C04F79EFBC}") = "WpfApp1", "WpfApp1\WpfApp1.csproj", "{183BA1F1-5B94-4B54-8280-0090944A04FA}"
EndProject
Global
	GlobalSection(SolutionConfigurationPlatforms) = preSolution
		Debug|Any CPU = Debug|Any CPU
		Release|Any CPU = Release|Any CPU
	EndGlobalSection
	GlobalSection(ProjectConfigurationPlatforms) = postSolution
		{183BA1F1-5B94-4B54-8280-0090944A04FA}.Debug|Any CPU.ActiveCfg = Debug|Any CPU
		{183BA1F1-5B94-4B54-8280-0090944A04FA}.Debug|Any CPU.Build.0 = Debug|Any CPU
		{183BA1F1-5B94-4B54-8280-0090944A04FA}.Release|Any CPU.ActiveCfg = Release|Any CPU
		{183BA1F1-5B94-4B54-8280-0090944A04FA}.Release|Any CPU.Build.0 = Release|Any CPU
	EndGlobalSection
	GlobalSection(SolutionProperties) = preSolution
		HideSolutionNode = FALSE
	EndGlobalSection
	GlobalSection(ExtensibilityGlobals) = postSolution
		SolutionGuid = {9F87CC9C-BAF6-4A39-B1F8-CB30F18BA8EA}
	EndGlobalSection
EndGlobal
